
Microsoft Visual Studio Solution File, Format Version 12.00
# Visual Studio 15
VisualStudioVersion = 15.0.28010.2041
MinimumVisualStudioVersion = 10.0.40219.1
Project("{FAE04EC0-301F-11D3-BF4B-00C04F79EFBC}") = "Craps", "Craps\Craps.csproj", "{DAE3C12F-3DA3-49C2-A18B-2147299FC85A}"
EndProject
Global
	GlobalSection(SolutionConfigurationPlatforms) = preSolution
		Debug|Any CPU = Debug|Any CPU
		Release|Any CPU = Release|Any CPU
	EndGlobalSection
	GlobalSection(ProjectConfigurationPlatforms) = postSolution
		{DAE3C12F-3DA3-49C2-A18B-2147299FC85A}.Debug|Any CPU.ActiveCfg = Debug|Any CPU
		{DAE3C12F-3DA3-49C2-A18B-2147299FC85A}.Debug|Any CPU.Build.0 = Debug|Any CPU
		{DAE3C12F-3DA3-49C2-A18B-2147299FC85A}.Release|Any CPU.ActiveCfg = Release|Any CPU
		{DAE3C12F-3DA3-49C2-A18B-2147299FC85A}.Release|Any CPU.Build.0 = Release|Any CPU
	EndGlobalSection
	GlobalSection(SolutionProperties) = preSolution
		HideSolutionNode = FALSE
	EndGlobalSection
	GlobalSection(ExtensibilityGlobals) = postSolution
		SolutionGuid = {6BE3C795-59C0-460F-9819-B76CA2DAF500}
	EndGlobalSection
EndGlobal
